{
  "requires": true,
  "lockfileVersion": 1,
  "dependencies": {
    "@babel/runtime": {
      "version": "7.12.5",
      "resolved": "https://registry.npmjs.org/@babel/runtime/-/runtime-7.12.5.tgz",
      "integrity": "sha512-plcc+hbExy3McchJCEQG3knOsuh3HH+Prx1P6cLIkET/0dLuQDEnrT+s27Axgc9bqfsmNUNHfscgMUdBpC9xfg==",
      "requires": {
        "regenerator-runtime": "^0.13.4"
      }
    },
    "@react-dnd/asap": {
      "version": "4.0.0",
      "resolved": "https://registry.npmjs.org/@react-dnd/asap/-/asap-4.0.0.tgz",
      "integrity": "sha512-0XhqJSc6pPoNnf8DhdsPHtUhRzZALVzYMTzRwV4VI6DJNJ/5xxfL9OQUwb8IH5/2x7lSf7nAZrnzUD+16VyOVQ=="
    },
    "@react-dnd/invariant": {
      "version": "2.0.0",
      "resolved": "https://registry.npmjs.org/@react-dnd/invariant/-/invariant-2.0.0.tgz",
      "integrity": "sha512-xL4RCQBCBDJ+GRwKTFhGUW8GXa4yoDfJrPbLblc3U09ciS+9ZJXJ3Qrcs/x2IODOdIE5kQxvMmE2UKyqUictUw=="
    },
    "@react-dnd/shallowequal": {
      "version": "2.0.0",
      "resolved": "https://registry.npmjs.org/@react-dnd/shallowequal/-/shallowequal-2.0.0.tgz",
      "integrity": "sha512-Pc/AFTdwZwEKJxFJvlxrSmGe/di+aAOBn60sremrpLo6VI/6cmiUYNNwlI5KNYttg7uypzA3ILPMPgxB2GYZEg=="
    },
    "@types/hoist-non-react-statics": {
      "version": "3.3.1",
      "resolved": "https://registry.npmjs.org/@types/hoist-non-react-statics/-/hoist-non-react-statics-3.3.1.tgz",
      "integrity": "sha512-iMIqiko6ooLrTh1joXodJK5X9xeEALT1kM5G3ZLhD3hszxBdIEd5C75U834D9mLcINgD4OyZf5uQXjkuYydWvA==",
      "requires": {
        "@types/react": "*",
        "hoist-non-react-statics": "^3.3.0"
      }
    },
    "@types/prop-types": {
      "version": "15.7.3",
      "resolved": "https://registry.npmjs.org/@types/prop-types/-/prop-types-15.7.3.tgz",
      "integrity": "sha512-KfRL3PuHmqQLOG+2tGpRO26Ctg+Cq1E01D2DMriKEATHgWLfeNDmq9e29Q9WIky0dQ3NPkd1mzYH8Lm936Z9qw=="
    },
    "@types/react": {
      "version": "17.0.0",
      "resolved": "https://registry.npmjs.org/@types/react/-/react-17.0.0.tgz",
      "integrity": "sha512-aj/L7RIMsRlWML3YB6KZiXB3fV2t41+5RBGYF8z+tAKU43Px8C3cYUZsDvf1/+Bm4FK21QWBrDutu8ZJ/70qOw==",
      "requires": {
        "@types/prop-types": "*",
        "csstype": "^3.0.2"
      }
    },
    "classcat": {
      "version": "4.1.0",
      "resolved": "https://registry.npmjs.org/classcat/-/classcat-4.1.0.tgz",
      "integrity": "sha512-RA8O5oCi1I1CF6rR4cRBROh8MtZzM4w7xKLm0jd+S6UN2G4FIto+9DVOeFc46JEZFN5PVe/EZWLQO1VU/AUH4A=="
    },
    "classnames": {
      "version": "2.2.6",
      "resolved": "https://registry.npmjs.org/classnames/-/classnames-2.2.6.tgz",
      "integrity": "sha512-JR/iSQOSt+LQIWwrwEzJ9uk0xfN3mTVYMwt1Ir5mUcSN6pU+V4zQFFaJsclJbPuAUQH+yfWef6tm7l1quW3C8Q=="
    },
    "csstype": {
      "version": "3.0.6",
      "resolved": "https://registry.npmjs.org/csstype/-/csstype-3.0.6.tgz",
      "integrity": "sha512-+ZAmfyWMT7TiIlzdqJgjMb7S4f1beorDbWbsocyK4RaiqA5RTX3K14bnBWmmA9QEM0gRdsjyyrEmcyga8Zsxmw=="
    },
    "d3-color": {
      "version": "2.0.0",
      "resolved": "https://registry.npmjs.org/d3-color/-/d3-color-2.0.0.tgz",
      "integrity": "sha512-SPXi0TSKPD4g9tw0NMZFnR95XVgUZiBH+uUTqQuDu1OsE2zomHU7ho0FISciaPvosimixwHFl3WHLGabv6dDgQ=="
    },
    "d3-dispatch": {
      "version": "2.0.0",
      "resolved": "https://registry.npmjs.org/d3-dispatch/-/d3-dispatch-2.0.0.tgz",
      "integrity": "sha512-S/m2VsXI7gAti2pBoLClFFTMOO1HTtT0j99AuXLoGFKO6deHDdnv6ZGTxSTTUTgO1zVcv82fCOtDjYK4EECmWA=="
    },
    "d3-drag": {
      "version": "2.0.0",
      "resolved": "https://registry.npmjs.org/d3-drag/-/d3-drag-2.0.0.tgz",
      "integrity": "sha512-g9y9WbMnF5uqB9qKqwIIa/921RYWzlUDv9Jl1/yONQwxbOfszAWTCm8u7HOTgJgRDXiRZN56cHT9pd24dmXs8w==",
      "requires": {
        "d3-dispatch": "1 - 2",
        "d3-selection": "2"
      }
    },
    "d3-ease": {
      "version": "2.0.0",
      "resolved": "https://registry.npmjs.org/d3-ease/-/d3-ease-2.0.0.tgz",
      "integrity": "sha512-68/n9JWarxXkOWMshcT5IcjbB+agblQUaIsbnXmrzejn2O82n3p2A9R2zEB9HIEFWKFwPAEDDN8gR0VdSAyyAQ=="
    },
    "d3-interpolate": {
      "version": "2.0.1",
      "resolved": "https://registry.npmjs.org/d3-interpolate/-/d3-interpolate-2.0.1.tgz",
      "integrity": "sha512-c5UhwwTs/yybcmTpAVqwSFl6vrQ8JZJoT5F7xNFK9pymv5C0Ymcc9/LIJHtYIggg/yS9YHw8i8O8tgb9pupjeQ==",
      "requires": {
        "d3-color": "1 - 2"
      }
    },
    "d3-selection": {
      "version": "2.0.0",
      "resolved": "https://registry.npmjs.org/d3-selection/-/d3-selection-2.0.0.tgz",
      "integrity": "sha512-XoGGqhLUN/W14NmaqcO/bb1nqjDAw5WtSYb2X8wiuQWvSZUsUVYsOSkOybUrNvcBjaywBdYPy03eXHMXjk9nZA=="
    },
    "d3-timer": {
      "version": "2.0.0",
      "resolved": "https://registry.npmjs.org/d3-timer/-/d3-timer-2.0.0.tgz",
      "integrity": "sha512-TO4VLh0/420Y/9dO3+f9abDEFYeCUr2WZRlxJvbp4HPTQcSylXNiL6yZa9FIUvV1yRiFufl1bszTCLDqv9PWNA=="
    },
    "d3-transition": {
      "version": "2.0.0",
      "resolved": "https://registry.npmjs.org/d3-transition/-/d3-transition-2.0.0.tgz",
      "integrity": "sha512-42ltAGgJesfQE3u9LuuBHNbGrI/AJjNL2OAUdclE70UE6Vy239GCBEYD38uBPoLeNsOhFStGpPI0BAOV+HMxog==",
      "requires": {
        "d3-color": "1 - 2",
        "d3-dispatch": "1 - 2",
        "d3-ease": "1 - 2",
        "d3-interpolate": "1 - 2",
        "d3-timer": "1 - 2"
      }
    },
    "d3-zoom": {
      "version": "2.0.0",
      "resolved": "https://registry.npmjs.org/d3-zoom/-/d3-zoom-2.0.0.tgz",
      "integrity": "sha512-fFg7aoaEm9/jf+qfstak0IYpnesZLiMX6GZvXtUSdv8RH2o4E2qeelgdU09eKS6wGuiGMfcnMI0nTIqWzRHGpw==",
      "requires": {
        "d3-dispatch": "1 - 2",
        "d3-drag": "2",
        "d3-interpolate": "1 - 2",
        "d3-selection": "2",
        "d3-transition": "2"
      }
    },
    "dnd-core": {
      "version": "11.1.3",
      "resolved": "https://registry.npmjs.org/dnd-core/-/dnd-core-11.1.3.tgz",
      "integrity": "sha512-QugF55dNW+h+vzxVJ/LSJeTeUw9MCJ2cllhmVThVPEtF16ooBkxj0WBE5RB+AceFxMFo1rO6bJKXtqKl+JNnyA==",
      "requires": {
        "@react-dnd/asap": "^4.0.0",
        "@react-dnd/invariant": "^2.0.0",
        "redux": "^4.0.4"
      }
    },
    "easy-peasy": {
      "version": "4.0.1",
      "resolved": "https://registry.npmjs.org/easy-peasy/-/easy-peasy-4.0.1.tgz",
      "integrity": "sha512-aTvB48M2ej6dM/wllUm1F7CTWGnYOYh82SHBkvJtOZhJ/9L8Gmg/nIVqDPwJeojOWZe+gbLtpyi8DhN6fPNBYg==",
      "requires": {
        "immer": "7.0.9",
        "is-plain-object": "^5.0.0",
        "memoizerific": "^1.11.3",
        "redux": "^4.0.5",
        "redux-thunk": "^2.3.0",
        "symbol-observable": "^2.0.3",
        "ts-toolbelt": "^8.0.7",
        "use-memo-one": "^1.1.1"
      },
      "dependencies": {
        "symbol-observable": {
          "version": "2.0.3",
          "resolved": "https://registry.npmjs.org/symbol-observable/-/symbol-observable-2.0.3.tgz",
          "integrity": "sha512-sQV7phh2WCYAn81oAkakC5qjq2Ml0g8ozqz03wOGnx9dDlG1de6yrF+0RAzSJD8fPUow3PTSMf2SAbOGxb93BA=="
        }
      }
    },
    "fast-deep-equal": {
      "version": "3.1.3",
      "resolved": "https://registry.npmjs.org/fast-deep-equal/-/fast-deep-equal-3.1.3.tgz",
      "integrity": "sha512-f3qQ9oQy9j2AhBe/H9VC91wLmKBCCU/gDOnKNAYG5hswO7BLKj09Hc5HYNz9cGI++xlpDCIgDaitVs03ATR84Q=="
    },
    "hoist-non-react-statics": {
      "version": "3.3.2",
      "resolved": "https://registry.npmjs.org/hoist-non-react-statics/-/hoist-non-react-statics-3.3.2.tgz",
      "integrity": "sha512-/gGivxi8JPKWNm/W0jSmzcMPpfpPLc3dY/6GxhX2hQ9iGj3aDfklV4ET7NjKpSinLpJ5vafa9iiGIEZg10SfBw==",
      "requires": {
        "react-is": "^16.7.0"
      }
    },
    "immer": {
      "version": "7.0.9",
      "resolved": "https://registry.npmjs.org/immer/-/immer-7.0.9.tgz",
      "integrity": "sha512-Vs/gxoM4DqNAYR7pugIxi0Xc8XAun/uy7AQu4fLLqaTBHxjOP9pJ266Q9MWA/ly4z6rAFZbvViOtihxUZ7O28A=="
    },
    "is-plain-object": {
      "version": "5.0.0",
      "resolved": "https://registry.npmjs.org/is-plain-object/-/is-plain-object-5.0.0.tgz",
      "integrity": "sha512-VRSzKkbMm5jMDoKLbltAkFQ5Qr7VDiTFGXxYFXXowVj387GeGNOCsOH6Msy00SGZ3Fp84b1Naa1psqgcCIEP5Q=="
    },
    "js-tokens": {
      "version": "4.0.0",
      "resolved": "https://registry.npmjs.org/js-tokens/-/js-tokens-4.0.0.tgz",
      "integrity": "sha512-RdJUflcE3cUzKiMqQgsCu06FPu9UdIJO0beYbPhHN4k6apgJtifcoCtT9bcxOpYBtpD2kCM6Sbzg4CausW/PKQ=="
    },
    "loose-envify": {
      "version": "1.4.0",
      "resolved": "https://registry.npmjs.org/loose-envify/-/loose-envify-1.4.0.tgz",
      "integrity": "sha512-lyuxPGr/Wfhrlem2CL/UcnUc1zcqKAImBDzukY7Y5F/yQiNdko6+fRLevlw1HgMySw7f611UIY408EtxRSoK3Q==",
      "requires": {
        "js-tokens": "^3.0.0 || ^4.0.0"
      }
    },
    "map-or-similar": {
      "version": "1.5.0",
      "resolved": "https://registry.npmjs.org/map-or-similar/-/map-or-similar-1.5.0.tgz",
      "integrity": "sha1-beJlMXSt+12e3DPGnT6Sobdvrwg="
    },
    "memoizerific": {
      "version": "1.11.3",
      "resolved": "https://registry.npmjs.org/memoizerific/-/memoizerific-1.11.3.tgz",
      "integrity": "sha1-fIekZGREwy11Q4VwkF8tvRsagFo=",
      "requires": {
        "map-or-similar": "^1.5.0"
      }
    },
    "object-assign": {
      "version": "4.1.1",
      "resolved": "https://registry.npmjs.org/object-assign/-/object-assign-4.1.1.tgz",
      "integrity": "sha1-IQmtx5ZYh8/AXLvUQsrIv7s2CGM="
    },
    "prop-types": {
      "version": "15.7.2",
      "resolved": "https://registry.npmjs.org/prop-types/-/prop-types-15.7.2.tgz",
      "integrity": "sha512-8QQikdH7//R2vurIJSutZ1smHYTcLpRWEOlHnzcWHmBYrOGUysKwSsrC89BCiFj3CbrfJ/nXFdJepOVrY1GCHQ==",
      "requires": {
        "loose-envify": "^1.4.0",
        "object-assign": "^4.1.1",
        "react-is": "^16.8.1"
      }
    },
    "react-dnd": {
      "version": "11.1.3",
      "resolved": "https://registry.npmjs.org/react-dnd/-/react-dnd-11.1.3.tgz",
      "integrity": "sha512-8rtzzT8iwHgdSC89VktwhqdKKtfXaAyC4wiqp0SywpHG12TTLvfOoL6xNEIUWXwIEWu+CFfDn4GZJyynCEuHIQ==",
      "requires": {
        "@react-dnd/shallowequal": "^2.0.0",
        "@types/hoist-non-react-statics": "^3.3.1",
        "dnd-core": "^11.1.3",
        "hoist-non-react-statics": "^3.3.0"
      }
    },
    "react-dnd-html5-backend": {
      "version": "11.1.3",
      "resolved": "https://registry.npmjs.org/react-dnd-html5-backend/-/react-dnd-html5-backend-11.1.3.tgz",
      "integrity": "sha512-/1FjNlJbW/ivkUxlxQd7o3trA5DE33QiRZgxent3zKme8DwF4Nbw3OFVhTRFGaYhHFNL1rZt6Rdj1D78BjnNLw==",
      "requires": {
        "dnd-core": "^11.1.3"
      }
    },
    "react-draggable": {
      "version": "4.4.3",
      "resolved": "https://registry.npmjs.org/react-draggable/-/react-draggable-4.4.3.tgz",
      "integrity": "sha512-jV4TE59MBuWm7gb6Ns3Q1mxX8Azffb7oTtDtBgFkxRvhDp38YAARmRplrj0+XGkhOJB5XziArX+4HUUABtyZ0w==",
      "requires": {
        "classnames": "^2.2.5",
        "prop-types": "^15.6.0"
      }
    },
    "react-flow-renderer": {
      "version": "8.7.0",
      "resolved": "https://registry.npmjs.org/react-flow-renderer/-/react-flow-renderer-8.7.0.tgz",
      "integrity": "sha512-FtGo7LxUxC2gMHz86RRv/pMCGPj9FQp8pqEZpBGUEJzrlaS1mFiFSZnpqI4qjLnAt4uxtyfzbS8DOSWTy/6Utw==",
      "requires": {
        "@babel/runtime": "^7.12.5",
        "classcat": "^4.1.0",
        "d3-selection": "^2.0.0",
        "d3-zoom": "^2.0.0",
        "easy-peasy": "^4.0.1",
        "fast-deep-equal": "^3.1.3",
        "react-draggable": "^4.4.3"
      }
    },
    "react-is": {
      "version": "16.13.1",
      "resolved": "https://registry.npmjs.org/react-is/-/react-is-16.13.1.tgz",
      "integrity": "sha512-24e6ynE2H+OKt4kqsOvNd8kBpV65zoxbA4BVsEOB3ARVWQki/DHzaUoC5KuON/BiccDaCCTZBuOcfZs70kR8bQ=="
    },
    "redux": {
      "version": "4.0.5",
      "resolved": "https://registry.npmjs.org/redux/-/redux-4.0.5.tgz",
      "integrity": "sha512-VSz1uMAH24DM6MF72vcojpYPtrTUu3ByVWfPL1nPfVRb5mZVTve5GnNCUV53QM/BZ66xfWrm0CTWoM+Xlz8V1w==",
      "requires": {
        "loose-envify": "^1.4.0",
        "symbol-observable": "^1.2.0"
      }
    },
    "redux-thunk": {
      "version": "2.3.0",
      "resolved": "https://registry.npmjs.org/redux-thunk/-/redux-thunk-2.3.0.tgz",
      "integrity": "sha512-km6dclyFnmcvxhAcrQV2AkZmPQjzPDjgVlQtR0EQjxZPyJ0BnMf3in1ryuR8A2qU0HldVRfxYXbFSKlI3N7Slw=="
    },
    "regenerator-runtime": {
      "version": "0.13.7",
      "resolved": "https://registry.npmjs.org/regenerator-runtime/-/regenerator-runtime-0.13.7.tgz",
      "integrity": "sha512-a54FxoJDIr27pgf7IgeQGxmqUNYrcV338lf/6gH456HZ/PhX+5BcwHXG9ajESmwe6WRO0tAzRUrRmNONWgkrew=="
    },
    "symbol-observable": {
      "version": "1.2.0",
      "resolved": "https://registry.npmjs.org/symbol-observable/-/symbol-observable-1.2.0.tgz",
      "integrity": "sha512-e900nM8RRtGhlV36KGEU9k65K3mPb1WV70OdjfxlG2EAuM1noi/E/BaW/uMhL7bPEssK8QV57vN3esixjUvcXQ=="
    },
    "ts-toolbelt": {
      "version": "8.4.0",
      "resolved": "https://registry.npmjs.org/ts-toolbelt/-/ts-toolbelt-8.4.0.tgz",
      "integrity": "sha512-hnGJXIgC49ZuF5g5oDthoge8t4cvT0dYg2pYO5C6yV/HmUUy1koooU2U/5K2N+Uw++hcXQpJAToLRa+GRp28Sg=="
    },
    "use-memo-one": {
      "version": "1.1.2",
      "resolved": "https://registry.npmjs.org/use-memo-one/-/use-memo-one-1.1.2.tgz",
      "integrity": "sha512-u2qFKtxLsia/r8qG0ZKkbytbztzRb317XCkT7yP8wxL0tZ/CzK2G+WWie5vWvpyeP7+YoPIwbJoIHJ4Ba4k0oQ=="
    }
  }
}
